
Microsoft Visual Studio Solution File, Format Version 12.00
# Visual Studio Version 17
VisualStudioVersion = 17.5.33530.505
MinimumVisualStudioVersion = 10.0.40219.1
Project("{FAE04EC0-301F-11D3-BF4B-00C04F79EFBC}") = "CrudOperationMvc", "CrudOperationMvc\CrudOperationMvc.csproj", "{24A369FC-2782-4E43-B9EE-5FA6528C982C}"
EndProject
Global
	GlobalSection(SolutionConfigurationPlatforms) = preSolution
		Debug|Any CPU = Debug|Any CPU
		Release|Any CPU = Release|Any CPU
	EndGlobalSection
	GlobalSection(ProjectConfigurationPlatforms) = postSolution
		{24A369FC-2782-4E43-B9EE-5FA6528C982C}.Debug|Any CPU.ActiveCfg = Debug|Any CPU
		{24A369FC-2782-4E43-B9EE-5FA6528C982C}.Debug|Any CPU.Build.0 = Debug|Any CPU
		{24A369FC-2782-4E43-B9EE-5FA6528C982C}.Release|Any CPU.ActiveCfg = Release|Any CPU
		{24A369FC-2782-4E43-B9EE-5FA6528C982C}.Release|Any CPU.Build.0 = Release|Any CPU
	EndGlobalSection
	GlobalSection(SolutionProperties) = preSolution
		HideSolutionNode = FALSE
	EndGlobalSection
	GlobalSection(ExtensibilityGlobals) = postSolution
		SolutionGuid = {317D7DC5-1026-420B-B385-AF1914D67DEF}
	EndGlobalSection
EndGlobal
